// !$*UTF8*$!
{
	archiveVersion = 1;
	classes = {
	};
	objectVersion = 56;
	objects = {

/* Begin PBXBuildFile section */
		B40BE28B2A699AE50087D12C /* watch-app Watch App.app in Embed Watch Content */ = {isa = PBXBuildFile; fileRef = B40BE28A2A699AE50087D12C /* watch-app Watch App.app */; settings = {ATTRIBUTES = (RemoveHeadersOnCopy, ); }; };
		B40BE2902A699AE50087D12C /* watch_appApp.swift in Sources */ = {isa = PBXBuildFile; fileRef = B40BE28F2A699AE50087D12C /* watch_appApp.swift */; };
		B40BE2922A699AE50087D12C /* ContentView.swift in Sources */ = {isa = PBXBuildFile; fileRef = B40BE2912A699AE50087D12C /* ContentView.swift */; };
		B40BE2942A699AE60087D12C /* Assets.xcassets in Resources */ = {isa = PBXBuildFile; fileRef = B40BE2932A699AE60087D12C /* Assets.xcassets */; };
		B40BE2972A699AE60087D12C /* Preview Assets.xcassets in Resources */ = {isa = PBXBuildFile; fileRef = B40BE2962A699AE60087D12C /* Preview Assets.xcassets */; };
		B448EC382A6A545D0051B04E /* Note.swift in Sources */ = {isa = PBXBuildFile; fileRef = B448EC372A6A545D0051B04E /* Note.swift */; };
		B49644B42A6AE4B000A3D5EE /* DetailView.swift in Sources */ = {isa = PBXBuildFile; fileRef = B49644B32A6AE4B000A3D5EE /* DetailView.swift */; };
/* End PBXBuildFile section */

/* Begin PBXContainerItemProxy section */
		B40BE28C2A699AE50087D12C /* PBXContainerItemProxy */ = {
			isa = PBXContainerItemProxy;
			containerPortal = B40BE27E2A699AE50087D12C /* Project object */;
			proxyType = 1;
			remoteGlobalIDString = B40BE2892A699AE50087D12C;
			remoteInfo = "watch-app Watch App";
		};
/* End PBXContainerItemProxy section */

/* Begin PBXCopyFilesBuildPhase section */
		B40BE29D2A699AE60087D12C /* Embed Watch Content */ = {
			isa = PBXCopyFilesBuildPhase;
			buildActionMask = 2147483647;
			dstPath = "$(CONTENTS_FOLDER_PATH)/Watch";
			dstSubfolderSpec = 16;
			files = (
				B40BE28B2A699AE50087D12C /* watch-app Watch App.app in Embed Watch Content */,
			);
			name = "Embed Watch Content";
			runOnlyForDeploymentPostprocessing = 0;
		};
/* End PBXCopyFilesBuildPhase section */

/* Begin PBXFileReference section */
		B40BE2842A699AE50087D12C /* watch-app.app */ = {isa = PBXFileReference; explicitFileType = wrapper.application; includeInIndex = 0; path = "watch-app.app"; sourceTree = BUILT_PRODUCTS_DIR; };
		B40BE28A2A699AE50087D12C /* watch-app Watch App.app */ = {isa = PBXFileReference; explicitFileType = wrapper.application; includeInIndex = 0; path = "watch-app Watch App.app"; sourceTree = BUILT_PRODUCTS_DIR; };
		B40BE28F2A699AE50087D12C /* watch_appApp.swift */ = {isa = PBXFileReference; lastKnownFileType = sourcecode.swift; path = watch_appApp.swift; sourceTree = "<group>"; };
		B40BE2912A699AE50087D12C /* ContentView.swift */ = {isa = PBXFileReference; lastKnownFileType = sourcecode.swift; path = ContentView.swift; sourceTree = "<group>"; };
		B40BE2932A699AE60087D12C /* Assets.xcassets */ = {isa = PBXFileReference; lastKnownFileType = folder.assetcatalog; path = Assets.xcassets; sourceTree = "<group>"; };
		B40BE2962A699AE60087D12C /* Preview Assets.xcassets */ = {isa = PBXFileReference; lastKnownFileType = folder.assetcatalog; path = "Preview Assets.xcassets"; sourceTree = "<group>"; };
		B448EC372A6A545D0051B04E /* Note.swift */ = {isa = PBXFileReference; lastKnownFileType = sourcecode.swift; path = Note.swift; sourceTree = "<group>"; };
		B49644B32A6AE4B000A3D5EE /* DetailView.swift */ = {isa = PBXFileReference; lastKnownFileType = sourcecode.swift; path = DetailView.swift; sourceTree = "<group>"; };
/* End PBXFileReference section */

/* Begin PBXFrameworksBuildPhase section */
		B40BE2872A699AE50087D12C /* Frameworks */ = {
			isa = PBXFrameworksBuildPhase;
			buildActionMask = 2147483647;
			files = (
			);
			runOnlyForDeploymentPostprocessing = 0;
		};
/* End PBXFrameworksBuildPhase section */

/* Begin PBXGroup section */
		B40BE27D2A699AE50087D12C = {
			isa = PBXGroup;
			children = (
				B40BE28E2A699AE50087D12C /* watch-app Watch App */,
				B40BE2852A699AE50087D12C /* Products */,
			);
			sourceTree = "<group>";
		};
		B40BE2852A699AE50087D12C /* Products */ = {
			isa = PBXGroup;
			children = (
				B40BE2842A699AE50087D12C /* watch-app.app */,
				B40BE28A2A699AE50087D12C /* watch-app Watch App.app */,
			);
			name = Products;
			sourceTree = "<group>";
		};
		B40BE28E2A699AE50087D12C /* watch-app Watch App */ = {
			isa = PBXGroup;
			children = (
				B40BE28F2A699AE50087D12C /* watch_appApp.swift */,
				B448EC362A6A541E0051B04E /* Model */,
				B448EC352A6A53730051B04E /* View */,
				B40BE2932A699AE60087D12C /* Assets.xcassets */,
				B40BE2952A699AE60087D12C /* Preview Content */,
			);
			path = "watch-app Watch App";
			sourceTree = "<group>";
		};
		B40BE2952A699AE60087D12C /* Preview Content */ = {
			isa = PBXGroup;
			children = (
				B40BE2962A699AE60087D12C /* Preview Assets.xcassets */,
			);
			path = "Preview Content";
			sourceTree = "<group>";
		};
		B448EC352A6A53730051B04E /* View */ = {
			isa = PBXGroup;
			children = (
				B40BE2912A699AE50087D12C /* ContentView.swift */,
				B49644B32A6AE4B000A3D5EE /* DetailView.swift */,
			);
			path = View;
			sourceTree = "<group>";
		};
		B448EC362A6A541E0051B04E /* Model */ = {
			isa = PBXGroup;
			children = (
				B448EC372A6A545D0051B04E /* Note.swift */,
			);
			path = Model;
			sourceTree = "<group>";
		};
/* End PBXGroup section */

/* Begin PBXNativeTarget section */
		B40BE2832A699AE50087D12C /* watch-app */ = {
			isa = PBXNativeTarget;
			buildConfigurationList = B40BE29E2A699AE60087D12C /* Build configuration list for PBXNativeTarget "watch-app" */;
			buildPhases = (
				B40BE2822A699AE50087D12C /* Resources */,
				B40BE29D2A699AE60087D12C /* Embed Watch Content */,
			);
			buildRules = (
			);
			dependencies = (
				B40BE28D2A699AE50087D12C /* PBXTargetDependency */,
			);
			name = "watch-app";
			productName = "watch-app";
			productReference = B40BE2842A699AE50087D12C /* watch-app.app */;
			productType = "com.apple.product-type.application.watchapp2-container";
		};
		B40BE2892A699AE50087D12C /* watch-app Watch App */ = {
			isa = PBXNativeTarget;
			buildConfigurationList = B40BE29A2A699AE60087D12C /* Build configuration list for PBXNativeTarget "watch-app Watch App" */;
			buildPhases = (
				B40BE2862A699AE50087D12C /* Sources */,
				B40BE2872A699AE50087D12C /* Frameworks */,
				B40BE2882A699AE50087D12C /* Resources */,
			);
			buildRules = (
			);
			dependencies = (
			);
			name = "watch-app Watch App";
			productName = "watch-app Watch App";
			productReference = B40BE28A2A699AE50087D12C /* watch-app Watch App.app */;
			productType = "com.apple.product-type.application";
		};
/* End PBXNativeTarget section */

/* Begin PBXProject section */
		B40BE27E2A699AE50087D12C /* Project object */ = {
			isa = PBXProject;
			attributes = {
				BuildIndependentTargetsInParallel = 1;
				LastSwiftUpdateCheck = 1430;
				LastUpgradeCheck = 1430;
				TargetAttributes = {
					B40BE2832A699AE50087D12C = {
						CreatedOnToolsVersion = 14.3.1;
					};
					B40BE2892A699AE50087D12C = {
						CreatedOnToolsVersion = 14.3.1;
					};
				};
			};
			buildConfigurationList = B40BE2812A699AE50087D12C /* Build configuration list for PBXProject "watch-app" */;
			compatibilityVersion = "Xcode 14.0";
			developmentRegion = en;
			hasScannedForEncodings = 0;
			knownRegions = (
				en,
				Base,
			);
			mainGroup = B40BE27D2A699AE50087D12C;
			productRefGroup = B40BE2852A699AE50087D12C /* Products */;
			projectDirPath = "";
			projectRoot = "";
			targets = (
				B40BE2832A699AE50087D12C /* watch-app */,
				B40BE2892A699AE50087D12C /* watch-app Watch App */,
			);
		};
/* End PBXProject section */

/* Begin PBXResourcesBuildPhase section */
		B40BE2822A699AE50087D12C /* Resources */ = {
			isa = PBXResourcesBuildPhase;
			buildActionMask = 2147483647;
			files = (
			);
			runOnlyForDeploymentPostprocessing = 0;
		};
		B40BE2882A699AE50087D12C /* Resources */ = {
			isa = PBXResourcesBuildPhase;
			buildActionMask = 2147483647;
			files = (
				B40BE2972A699AE60087D12C /* Preview Assets.xcassets in Resources */,
				B40BE2942A699AE60087D12C /* Assets.xcassets in Resources */,
			);
			runOnlyForDeploymentPostprocessing = 0;
		};
/* End PBXResourcesBuildPhase section */

/* Begin PBXSourcesBuildPhase section */
		B40BE2862A699AE50087D12C /* Sources */ = {
			isa = PBXSourcesBuildPhase;
			buildActionMask = 2147483647;
			files = (
				B448EC382A6A545D0051B04E /* Note.swift in Sources */,
				B49644B42A6AE4B000A3D5EE /* DetailView.swift in Sources */,
				B40BE2922A699AE50087D12C /* ContentView.swift in Sources */,
				B40BE2902A699AE50087D12C /* watch_appApp.swift in Sources */,
			);
			runOnlyForDeploymentPostprocessing = 0;
		};
/* End PBXSourcesBuildPhase section */

/* Begin PBXTargetDependency section */
		B40BE28D2A699AE50087D12C /* PBXTargetDependency */ = {
			isa = PBXTargetDependency;
			target = B40BE2892A699AE50087D12C /* watch-app Watch App */;
			targetProxy = B40BE28C2A699AE50087D12C /* PBXContainerItemProxy */;
		};
/* End PBXTargetDependency section */

/* Begin XCBuildConfiguration section */
		B40BE2982A699AE60087D12C /* Debug */ = {
			isa = XCBuildConfiguration;
			buildSettings = {
				ALWAYS_SEARCH_USER_PATHS = NO;
				CLANG_ANALYZER_NONNULL = YES;
				CLANG_ANALYZER_NUMBER_OBJECT_CONVERSION = YES_AGGRESSIVE;
				CLANG_CXX_LANGUAGE_STANDARD = "gnu++20";
				CLANG_ENABLE_MODULES = YES;
				CLANG_ENABLE_OBJC_ARC = YES;
				CLANG_ENABLE_OBJC_WEAK = YES;
				CLANG_WARN_BLOCK_CAPTURE_AUTORELEASING = YES;
				CLANG_WARN_BOOL_CONVERSION = YES;
				CLANG_WARN_COMMA = YES;
				CLANG_WARN_CONSTANT_CONVERSION = YES;
				CLANG_WARN_DEPRECATED_OBJC_IMPLEMENTATIONS = YES;
				CLANG_WARN_DIRECT_OBJC_ISA_USAGE = YES_ERROR;
				CLANG_WARN_DOCUMENTATION_COMMENTS = YES;
				CLANG_WARN_EMPTY_BODY = YES;
				CLANG_WARN_ENUM_CONVERSION = YES;
				CLANG_WARN_INFINITE_RECURSION = YES;
				CLANG_WARN_INT_CONVERSION = YES;
				CLANG_WARN_NON_LITERAL_NULL_CONVERSION = YES;
				CLANG_WARN_OBJC_IMPLICIT_RETAIN_SELF = YES;
				CLANG_WARN_OBJC_LITERAL_CONVERSION = YES;
				CLANG_WARN_OBJC_ROOT_CLASS = YES_ERROR;
				CLANG_WARN_QUOTED_INCLUDE_IN_FRAMEWORK_HEADER = YES;
				CLANG_WARN_RANGE_LOOP_ANALYSIS = YES;
				CLANG_WARN_STRICT_PROTOTYPES = YES;
				CLANG_WARN_SUSPICIOUS_MOVE = YES;
				CLANG_WARN_UNGUARDED_AVAILABILITY = YES_AGGRESSIVE;
				CLANG_WARN_UNREACHABLE_CODE = YES;
				CLANG_WARN__DUPLICATE_METHOD_MATCH = YES;
				COPY_PHASE_STRIP = NO;
				DEBUG_INFORMATION_FORMAT = dwarf;
				ENABLE_STRICT_OBJC_MSGSEND = YES;
				ENABLE_TESTABILITY = YES;
				GCC_C_LANGUAGE_STANDARD = gnu11;
				GCC_DYNAMIC_NO_PIC = NO;
				GCC_NO_COMMON_BLOCKS = YES;
				GCC_OPTIMIZATION_LEVEL = 0;
				GCC_PREPROCESSOR_DEFINITIONS = (
					"DEBUG=1",
					"$(inherited)",
				);
				GCC_WARN_64_TO_32_BIT_CONVERSION = YES;
				GCC_WARN_ABOUT_RETURN_TYPE = YES_ERROR;
				GCC_WARN_UNDECLARED_SELECTOR = YES;
				GCC_WARN_UNINITIALIZED_AUTOS = YES_AGGRESSIVE;
				GCC_WARN_UNUSED_FUNCTION = YES;
				GCC_WARN_UNUSED_VARIABLE = YES;
				MTL_ENABLE_DEBUG_INFO = INCLUDE_SOURCE;
				MTL_FAST_MATH = YES;
				ONLY_ACTIVE_ARCH = YES;
				SWIFT_ACTIVE_COMPILATION_CONDITIONS = DEBUG;
				SWIFT_OPTIMIZATION_LEVEL = "-Onone";
			};
			name = Debug;
		};
		B40BE2992A699AE60087D12C /* Release */ = {
			isa = XCBuildConfiguration;
			buildSettings = {
				ALWAYS_SEARCH_USER_PATHS = NO;
				CLANG_ANALYZER_NONNULL = YES;
				CLANG_ANALYZER_NUMBER_OBJECT_CONVERSION = YES_AGGRESSIVE;
				CLANG_CXX_LANGUAGE_STANDARD = "gnu++20";
				CLANG_ENABLE_MODULES = YES;
				CLANG_ENABLE_OBJC_ARC = YES;
				CLANG_ENABLE_OBJC_WEAK = YES;
				CLANG_WARN_BLOCK_CAPTURE_AUTORELEASING = YES;
				CLANG_WARN_BOOL_CONVERSION = YES;
				CLANG_WARN_COMMA = YES;
				CLANG_WARN_CONSTANT_CONVERSION = YES;
				CLANG_WARN_DEPRECATED_OBJC_IMPLEMENTATIONS = YES;
				CLANG_WARN_DIRECT_OBJC_ISA_USAGE = YES_ERROR;
				CLANG_WARN_DOCUMENTATION_COMMENTS = YES;
				CLANG_WARN_EMPTY_BODY = YES;
				CLANG_WARN_ENUM_CONVERSION = YES;
				CLANG_WARN_INFINITE_RECURSION = YES;
				CLANG_WARN_INT_CONVERSION = YES;
				CLANG_WARN_NON_LITERAL_NULL_CONVERSION = YES;
				CLANG_WARN_OBJC_IMPLICIT_RETAIN_SELF = YES;
				CLANG_WARN_OBJC_LITERAL_CONVERSION = YES;
				CLANG_WARN_OBJC_ROOT_CLASS = YES_ERROR;
				CLANG_WARN_QUOTED_INCLUDE_IN_FRAMEWORK_HEADER = YES;
				CLANG_WARN_RANGE_LOOP_ANALYSIS = YES;
				CLANG_WARN_STRICT_PROTOTYPES = YES;
				CLANG_WARN_SUSPICIOUS_MOVE = YES;
				CLANG_WARN_UNGUARDED_AVAILABILITY = YES_AGGRESSIVE;
				CLANG_WARN_UNREACHABLE_CODE = YES;
				CLANG_WARN__DUPLICATE_METHOD_MATCH = YES;
				COPY_PHASE_STRIP = NO;
				DEBUG_INFORMATION_FORMAT = "dwarf-with-dsym";
				ENABLE_NS_ASSERTIONS = NO;
				ENABLE_STRICT_OBJC_MSGSEND = YES;
				GCC_C_LANGUAGE_STANDARD = gnu11;
				GCC_NO_COMMON_BLOCKS = YES;
				GCC_WARN_64_TO_32_BIT_CONVERSION = YES;
				GCC_WARN_ABOUT_RETURN_TYPE = YES_ERROR;
				GCC_WARN_UNDECLARED_SELECTOR = YES;
				GCC_WARN_UNINITIALIZED_AUTOS = YES_AGGRESSIVE;
				GCC_WARN_UNUSED_FUNCTION = YES;
				GCC_WARN_UNUSED_VARIABLE = YES;
				MTL_ENABLE_DEBUG_INFO = NO;
				MTL_FAST_MATH = YES;
				SWIFT_COMPILATION_MODE = wholemodule;
				SWIFT_OPTIMIZATION_LEVEL = "-O";
			};
			name = Release;
		};
		B40BE29B2A699AE60087D12C /* Debug */ = {
			isa = XCBuildConfiguration;
			buildSettings = {
				ASSETCATALOG_COMPILER_APPICON_NAME = AppIcon;
				ASSETCATALOG_COMPILER_GLOBAL_ACCENT_COLOR_NAME = AccentColor;
				CODE_SIGN_STYLE = Automatic;
				CURRENT_PROJECT_VERSION = 1;
				DEVELOPMENT_ASSET_PATHS = "\"watch-app Watch App/Preview Content\"";
				DEVELOPMENT_TEAM = GAJBR7KHZ3;
				ENABLE_PREVIEWS = YES;
				GENERATE_INFOPLIST_FILE = YES;
				INFOPLIST_KEY_CFBundleDisplayName = "watch-app";
				INFOPLIST_KEY_UISupportedInterfaceOrientations = "UIInterfaceOrientationPortrait UIInterfaceOrientationPortraitUpsideDown";
				INFOPLIST_KEY_WKWatchOnly = YES;
				LD_RUNPATH_SEARCH_PATHS = (
					"$(inherited)",
					"@executable_path/Frameworks",
				);
				MARKETING_VERSION = 1.0;
				PRODUCT_BUNDLE_IDENTIFIER = "top.charlieop.watch-app.watchkitapp";
				PRODUCT_NAME = "$(TARGET_NAME)";
				SDKROOT = watchos;
				SKIP_INSTALL = YES;
				SWIFT_EMIT_LOC_STRINGS = YES;
				SWIFT_VERSION = 5.0;
				TARGETED_DEVICE_FAMILY = 4;
				WATCHOS_DEPLOYMENT_TARGET = 9.4;
			};
			name = Debug;
		};
		B40BE29C2A699AE60087D12C /* Release */ = {
			isa = XCBuildConfiguration;
			buildSettings = {
				ASSETCATALOG_COMPILER_APPICON_NAME = AppIcon;
				ASSETCATALOG_COMPILER_GLOBAL_ACCENT_COLOR_NAME = AccentColor;
				CODE_SIGN_STYLE = Automatic;
				CURRENT_PROJECT_VERSION = 1;
				DEVELOPMENT_ASSET_PATHS = "\"watch-app Watch App/Preview Content\"";
				DEVELOPMENT_TEAM = GAJBR7KHZ3;
				ENABLE_PREVIEWS = YES;
				GENERATE_INFOPLIST_FILE = YES;
				INFOPLIST_KEY_CFBundleDisplayName = "watch-app";
				INFOPLIST_KEY_UISupportedInterfaceOrientations = "UIInterfaceOrientationPortrait UIInterfaceOrientationPortraitUpsideDown";
				INFOPLIST_KEY_WKWatchOnly = YES;
				LD_RUNPATH_SEARCH_PATHS = (
					"$(inherited)",
					"@executable_path/Frameworks",
				);
				MARKETING_VERSION = 1.0;
				PRODUCT_BUNDLE_IDENTIFIER = "top.charlieop.watch-app.watchkitapp";
				PRODUCT_NAME = "$(TARGET_NAME)";
				SDKROOT = watchos;
				SKIP_INSTALL = YES;
				SWIFT_EMIT_LOC_STRINGS = YES;
				SWIFT_VERSION = 5.0;
				TARGETED_DEVICE_FAMILY = 4;
				VALIDATE_PRODUCT = YES;
				WATCHOS_DEPLOYMENT_TARGET = 9.4;
			};
			name = Release;
		};
		B40BE29F2A699AE60087D12C /* Debug */ = {
			isa = XCBuildConfiguration;
			buildSettings = {
				ALWAYS_EMBED_SWIFT_STANDARD_LIBRARIES = YES;
				CODE_SIGN_STYLE = Automatic;
				CURRENT_PROJECT_VERSION = 1;
				DEVELOPMENT_TEAM = GAJBR7KHZ3;
				INFOPLIST_KEY_CFBundleDisplayName = "watch-app";
				MARKETING_VERSION = 1.0;
				PRODUCT_BUNDLE_IDENTIFIER = "top.charlieop.watch-app";
				PRODUCT_NAME = "$(TARGET_NAME)";
				SDKROOT = iphoneos;
				SWIFT_VERSION = 5.0;
			};
			name = Debug;
		};
		B40BE2A02A699AE60087D12C /* Release */ = {
			isa = XCBuildConfiguration;
			buildSettings = {
				ALWAYS_EMBED_SWIFT_STANDARD_LIBRARIES = YES;
				CODE_SIGN_STYLE = Automatic;
				CURRENT_PROJECT_VERSION = 1;
				DEVELOPMENT_TEAM = GAJBR7KHZ3;
				INFOPLIST_KEY_CFBundleDisplayName = "watch-app";
				MARKETING_VERSION = 1.0;
				PRODUCT_BUNDLE_IDENTIFIER = "top.charlieop.watch-app";
				PRODUCT_NAME = "$(TARGET_NAME)";
				SDKROOT = iphoneos;
				SWIFT_VERSION = 5.0;
				VALIDATE_PRODUCT = YES;
			};
			name = Release;
		};
/* End XCBuildConfiguration section */

/* Begin XCConfigurationList section */
		B40BE2812A699AE50087D12C /* Build configuration list for PBXProject "watch-app" */ = {
			isa = XCConfigurationList;
			buildConfigurations = (
				B40BE2982A699AE60087D12C /* Debug */,
				B40BE2992A699AE60087D12C /* Release */,
			);
			defaultConfigurationIsVisible = 0;
			defaultConfigurationName = Release;
		};
		B40BE29A2A699AE60087D12C /* Build configuration list for PBXNativeTarget "watch-app Watch App" */ = {
			isa = XCConfigurationList;
			buildConfigurations = (
				B40BE29B2A699AE60087D12C /* Debug */,
				B40BE29C2A699AE60087D12C /* Release */,
			);
			defaultConfigurationIsVisible = 0;
			defaultConfigurationName = Release;
		};
		B40BE29E2A699AE60087D12C /* Build configuration list for PBXNativeTarget "watch-app" */ = {
			isa = XCConfigurationList;
			buildConfigurations = (
				B40BE29F2A699AE60087D12C /* Debug */,
				B40BE2A02A699AE60087D12C /* Release */,
			);
			defaultConfigurationIsVisible = 0;
			defaultConfigurationName = Release;
		};
/* End XCConfigurationList section */
	};
	rootObject = B40BE27E2A699AE50087D12C /* Project object */;
}
